
Microsoft Visual Studio Solution File, Format Version 12.00
# Visual Studio Version 17
VisualStudioVersion = 17.10.35122.118
MinimumVisualStudioVersion = 10.0.40219.1
Project("{FAE04EC0-301F-11D3-BF4B-00C04F79EFBC}") = "KleponStudio", "StudioMusik\KleponStudio.csproj", "{9193722D-CBB4-4E97-B4E8-ED297439B8F6}"
EndProject
Global
	GlobalSection(SolutionConfigurationPlatforms) = preSolution
		Debug|Any CPU = Debug|Any CPU
		Release|Any CPU = Release|Any CPU
	EndGlobalSection
	GlobalSection(ProjectConfigurationPlatforms) = postSolution
		{9193722D-CBB4-4E97-B4E8-ED297439B8F6}.Debug|Any CPU.ActiveCfg = Debug|Any CPU
		{9193722D-CBB4-4E97-B4E8-ED297439B8F6}.Debug|Any CPU.Build.0 = Debug|Any CPU
		{9193722D-CBB4-4E97-B4E8-ED297439B8F6}.Release|Any CPU.ActiveCfg = Release|Any CPU
		{9193722D-CBB4-4E97-B4E8-ED297439B8F6}.Release|Any CPU.Build.0 = Release|Any CPU
	EndGlobalSection
	GlobalSection(SolutionProperties) = preSolution
		HideSolutionNode = FALSE
	EndGlobalSection
	GlobalSection(ExtensibilityGlobals) = postSolution
		SolutionGuid = {B3813962-4082-4B6D-8EC1-F8598686D246}
	EndGlobalSection
EndGlobal
